PODS:
  - imglyKit (10.16.0)
  - PhotoEditorSDK (10.16.0):
    - imglyKit (= 10.16.0)

DEPENDENCIES:
  - PhotoEditorSDK

SPEC REPOS:
  trunk:
    - imglyKit
    - PhotoEditorSDK

SPEC CHECKSUMS:
  imglyKit: 8af8b75267c59a5b2070a6cd4713f47467a99acb
  PhotoEditorSDK: 4183696814e3170a873610901bf2aaa23818838a

PODFILE CHECKSUM: 021cc06f1e86e7183c107802d5c70488cbc5b3fa

COCOAPODS: 1.9.1
